{
  "nodes": {
    "fzf-tab-src": {
      "flake": false,
      "locked": {
        "lastModified": 1758160945,
        "narHash": "sha256-1Ior+/9e+M+Fc1u0uq5HhknlGRS96q7tazhEE6rmx9Y=",
        "owner": "Aloxaf",
        "repo": "fzf-tab",
        "rev": "fac145167f7ec1861233c54de0c8900b09c650fe",
        "type": "github"
      },
      "original": {
        "owner": "Aloxaf",
        "repo": "fzf-tab",
        "type": "github"
      }
    },
    "fzf-zsh-plugin-src": {
      "flake": false,
      "locked": {
        "lastModified": 1759376728,
        "narHash": "sha256-WE3FFE9Fe9cko29YfgAMin7doeSs8rmFPvNo4ml4I88=",
        "owner": "unixorn",
        "repo": "fzf-zsh-plugin",
        "rev": "1a301866beb17eacfb94c9c46363f5131941998b",
        "type": "github"
      },
      "original": {
        "owner": "unixorn",
        "repo": "fzf-zsh-plugin",
        "type": "github"
      }
    },
    "home-manager": {
      "inputs": {
        "nixpkgs": [
          "nixpkgs"
        ]
      },
      "locked": {
        "lastModified": 1759337100,
        "narHash": "sha256-CcT3QvZ74NGfM+lSOILcCEeU+SnqXRvl1XCRHenZ0Us=",
        "owner": "nix-community",
        "repo": "home-manager",
        "rev": "004753ae6b04c4b18aa07192c1106800aaacf6c3",
        "type": "github"
      },
      "original": {
        "owner": "nix-community",
        "ref": "master",
        "repo": "home-manager",
        "type": "github"
      }
    },
    "nix-software-center": {
      "inputs": {
        "nixos-appstream-data": "nixos-appstream-data",
        "nixpkgs": "nixpkgs",
        "utils": "utils"
      },
      "locked": {
        "lastModified": 1730517716,
        "narHash": "sha256-hq3jlW5lyT2RkWhJ2/Oo+dt9FXtJ47zDDBBk8A8abMo=",
        "owner": "snowfallorg",
        "repo": "nix-software-center",
        "rev": "216eb549f1ec222c2877d2194f2987527954f2c4",
        "type": "github"
      },
      "original": {
        "owner": "snowfallorg",
        "repo": "nix-software-center",
        "type": "github"
      }
    },
    "nix-zsh-completions-src": {
      "flake": false,
      "locked": {
        "lastModified": 1749487569,
        "narHash": "sha256-MZlu9aZ13g9dj540OX0MXSZpeMYl6t0QNkRMCglSLVY=",
        "owner": "spwhitt",
        "repo": "nix-zsh-completions",
        "rev": "8a188a73a1be7932fae12efc74b2b812d09fdba7",
        "type": "github"
      },
      "original": {
        "owner": "spwhitt",
        "repo": "nix-zsh-completions",
        "type": "github"
      }
    },
    "nixos-appstream-data": {
      "inputs": {
        "flake-utils": [
          "nix-software-center",
          "utils"
        ],
        "nixpkgs": [
          "nix-software-center",
          "nixpkgs"
        ]
      },
      "locked": {
        "lastModified": 1712858390,
        "narHash": "sha256-XE7gr+zU3N4SHPAhsgk8cVAFp1iBg+Lxxp3y4dUF1vE=",
        "owner": "korfuri",
        "repo": "nixos-appstream-data",
        "rev": "0465d42a4433faa63b7a5eb0b8d397937c9fc13a",
        "type": "github"
      },
      "original": {
        "owner": "korfuri",
        "ref": "flake",
        "repo": "nixos-appstream-data",
        "type": "github"
      }
    },
    "nixpkgs": {
      "locked": {
        "lastModified": 1692638711,
        "narHash": "sha256-J0LgSFgJVGCC1+j5R2QndadWI1oumusg6hCtYAzLID4=",
        "owner": "NixOS",
        "repo": "nixpkgs",
        "rev": "91a22f76cd1716f9d0149e8a5c68424bb691de15",
        "type": "github"
      },
      "original": {
        "owner": "NixOS",
        "ref": "nixos-unstable",
        "repo": "nixpkgs",
        "type": "github"
      }
    },
    "nixpkgs_2": {
      "locked": {
        "lastModified": 1759036355,
        "narHash": "sha256-0m27AKv6ka+q270dw48KflE0LwQYrO7Fm4/2//KCVWg=",
        "owner": "nixos",
        "repo": "nixpkgs",
        "rev": "e9f00bd893984bc8ce46c895c3bf7cac95331127",
        "type": "github"
      },
      "original": {
        "owner": "nixos",
        "ref": "nixos-unstable",
        "repo": "nixpkgs",
        "type": "github"
      }
    },
    "powerlevel10k-src": {
      "flake": false,
      "locked": {
        "lastModified": 1745931653,
        "narHash": "sha256-BRJyGn+gTGUWifpJ1ziBKVHACcWw+R5N/HdUi8HzSvY=",
        "owner": "romkatv",
        "repo": "powerlevel10k",
        "rev": "36f3045d69d1ba402db09d09eb12b42eebe0fa3b",
        "type": "github"
      },
      "original": {
        "owner": "romkatv",
        "repo": "powerlevel10k",
        "type": "github"
      }
    },
    "root": {
      "inputs": {
        "fzf-tab-src": "fzf-tab-src",
        "fzf-zsh-plugin-src": "fzf-zsh-plugin-src",
        "home-manager": "home-manager",
        "nix-software-center": "nix-software-center",
        "nix-zsh-completions-src": "nix-zsh-completions-src",
        "nixpkgs": "nixpkgs_2",
        "powerlevel10k-src": "powerlevel10k-src",
        "you-should-use-src": "you-should-use-src",
        "zsh-autosuggestions-src": "zsh-autosuggestions-src",
        "zsh-bat-src": "zsh-bat-src",
        "zsh-command-time-src": "zsh-command-time-src",
        "zsh-completions-src": "zsh-completions-src",
        "zsh-history-substring-search-src": "zsh-history-substring-search-src",
        "zsh-syntax-highlighting-src": "zsh-syntax-highlighting-src"
      }
    },
    "systems": {
      "locked": {
        "lastModified": 1681028828,
        "narHash": "sha256-Vy1rq5AaRuLzOxct8nz4T6wlgyUR7zLU309k9mBC768=",
        "owner": "nix-systems",
        "repo": "default",
        "rev": "da67096a3b9bf56a91d16901293e51ba5b49a27e",
        "type": "github"
      },
      "original": {
        "owner": "nix-systems",
        "repo": "default",
        "type": "github"
      }
    },
    "utils": {
      "inputs": {
        "systems": "systems"
      },
      "locked": {
        "lastModified": 1689068808,
        "narHash": "sha256-6ixXo3wt24N/melDWjq70UuHQLxGV8jZvooRanIHXw0=",
        "owner": "numtide",
        "repo": "flake-utils",
        "rev": "919d646de7be200f3bf08cb76ae1f09402b6f9b4",
        "type": "github"
      },
      "original": {
        "owner": "numtide",
        "repo": "flake-utils",
        "type": "github"
      }
    },
    "you-should-use-src": {
      "flake": false,
      "locked": {
        "lastModified": 1752161521,
        "narHash": "sha256-u3abhv9ewq3m4QsnsxT017xdlPm3dYq5dqHNmQhhcpI=",
        "owner": "MichaelAquilina",
        "repo": "zsh-you-should-use",
        "rev": "64dd9e3ff977e4ae7d024602b2d9a7a4f05fd8f6",
        "type": "github"
      },
      "original": {
        "owner": "MichaelAquilina",
        "repo": "zsh-you-should-use",
        "type": "github"
      }
    },
    "zsh-autosuggestions-src": {
      "flake": false,
      "locked": {
        "lastModified": 1750781703,
        "narHash": "sha256-KmkXgK1J6iAyb1FtF/gOa0adUnh1pgFsgQOUnNngBaE=",
        "owner": "zsh-users",
        "repo": "zsh-autosuggestions",
        "rev": "85919cd1ffa7d2d5412f6d3fe437ebdbeeec4fc5",
        "type": "github"
      },
      "original": {
        "owner": "zsh-users",
        "repo": "zsh-autosuggestions",
        "type": "github"
      }
    },
    "zsh-bat-src": {
      "flake": false,
      "locked": {
        "lastModified": 1731447336,
        "narHash": "sha256-TTuYZpev0xJPLgbhK5gWUeGut0h7Gi3b+e00SzFvSGo=",
        "owner": "fdellwing",
        "repo": "zsh-bat",
        "rev": "467337613c1c220c0d01d69b19d2892935f43e9f",
        "type": "github"
      },
      "original": {
        "owner": "fdellwing",
        "repo": "zsh-bat",
        "type": "github"
      }
    },
    "zsh-command-time-src": {
      "flake": false,
      "locked": {
        "lastModified": 1753556482,
        "narHash": "sha256-3PLwThkg9cA2KaMy3gatu1h056XKGHSTJt6HR8mBkJo=",
        "owner": "popstas",
        "repo": "zsh-command-time",
        "rev": "a9bac6037be9d3f5640a382168fb11f8222f0bb9",
        "type": "github"
      },
      "original": {
        "owner": "popstas",
        "repo": "zsh-command-time",
        "type": "github"
      }
    },
    "zsh-completions-src": {
      "flake": false,
      "locked": {
        "lastModified": 1758526596,
        "narHash": "sha256-xy3TzKS5M+M6yhEmfLT1FDVW6k6jIQdQvVMK8JrXa0w=",
        "owner": "zsh-users",
        "repo": "zsh-completions",
        "rev": "173a14c436d5f66cbe69f5c14c7a09784004bc21",
        "type": "github"
      },
      "original": {
        "owner": "zsh-users",
        "repo": "zsh-completions",
        "type": "github"
      }
    },
    "zsh-history-substring-search-src": {
      "flake": false,
      "locked": {
        "lastModified": 1717563893,
        "narHash": "sha256-1+w0AeVJtu1EK5iNVwk3loenFuIyVlQmlw8TWliHZGI=",
        "owner": "zsh-users",
        "repo": "zsh-history-substring-search",
        "rev": "87ce96b1862928d84b1afe7c173316614b30e301",
        "type": "github"
      },
      "original": {
        "owner": "zsh-users",
        "repo": "zsh-history-substring-search",
        "type": "github"
      }
    },
    "zsh-syntax-highlighting-src": {
      "flake": false,
      "locked": {
        "lastModified": 1732201766,
        "narHash": "sha256-KRsQEDRsJdF7LGOMTZuqfbW6xdV5S38wlgdcCM98Y/Q=",
        "owner": "zsh-users",
        "repo": "zsh-syntax-highlighting",
        "rev": "5eb677bb0fa9a3e60f0eff031dc13926e093df92",
        "type": "github"
      },
      "original": {
        "owner": "zsh-users",
        "repo": "zsh-syntax-highlighting",
        "type": "github"
      }
    }
  },
  "root": "root",
  "version": 7
}
